
Microsoft Visual Studio Solution File, Format Version 12.00
# Visual Studio Version 16
VisualStudioVersion = 16.0.31729.503
MinimumVisualStudioVersion = 10.0.40219.1
Project("{FAE04EC0-301F-11D3-BF4B-00C04F79EFBC}") = "StudentApi", "StudentApi\StudentApi.csproj", "{F3BB0847-7F73-453D-A303-EEB0236A9568}"
EndProject
Global
	GlobalSection(SolutionConfigurationPlatforms) = preSolution
		Debug|Any CPU = Debug|Any CPU
		Release|Any CPU = Release|Any CPU
	EndGlobalSection
	GlobalSection(ProjectConfigurationPlatforms) = postSolution
		{F3BB0847-7F73-453D-A303-EEB0236A9568}.Debug|Any CPU.ActiveCfg = Debug|Any CPU
		{F3BB0847-7F73-453D-A303-EEB0236A9568}.Debug|Any CPU.Build.0 = Debug|Any CPU
		{F3BB0847-7F73-453D-A303-EEB0236A9568}.Release|Any CPU.ActiveCfg = Release|Any CPU
		{F3BB0847-7F73-453D-A303-EEB0236A9568}.Release|Any CPU.Build.0 = Release|Any CPU
	EndGlobalSection
	GlobalSection(SolutionProperties) = preSolution
		HideSolutionNode = FALSE
	EndGlobalSection
	GlobalSection(ExtensibilityGlobals) = postSolution
		SolutionGuid = {A179AA65-845B-4C84-B4C4-E82400B8EDBE}
	EndGlobalSection
EndGlobal
