
Microsoft Visual Studio Solution File, Format Version 12.00
# Visual Studio Version 16
VisualStudioVersion = 16.0.31729.503
MinimumVisualStudioVersion = 10.0.40219.1
Project("{FAE04EC0-301F-11D3-BF4B-00C04F79EFBC}") = "Tiffin", "Tiffin\Tiffin.csproj", "{6721F86E-BAF7-43D1-BCFA-88ADAF27378A}"
EndProject
Global
	GlobalSection(SolutionConfigurationPlatforms) = preSolution
		Debug|Any CPU = Debug|Any CPU
		Release|Any CPU = Release|Any CPU
	EndGlobalSection
	GlobalSection(ProjectConfigurationPlatforms) = postSolution
		{6721F86E-BAF7-43D1-BCFA-88ADAF27378A}.Debug|Any CPU.ActiveCfg = Debug|Any CPU
		{6721F86E-BAF7-43D1-BCFA-88ADAF27378A}.Debug|Any CPU.Build.0 = Debug|Any CPU
		{6721F86E-BAF7-43D1-BCFA-88ADAF27378A}.Release|Any CPU.ActiveCfg = Release|Any CPU
		{6721F86E-BAF7-43D1-BCFA-88ADAF27378A}.Release|Any CPU.Build.0 = Release|Any CPU
	EndGlobalSection
	GlobalSection(SolutionProperties) = preSolution
		HideSolutionNode = FALSE
	EndGlobalSection
	GlobalSection(ExtensibilityGlobals) = postSolution
		SolutionGuid = {B2AAFBC2-2DE7-4921-A063-2D3494740404}
	EndGlobalSection
EndGlobal
